
Microsoft Visual Studio Solution File, Format Version 12.00
# Visual Studio Version 17
VisualStudioVersion = 17.1.32228.430
MinimumVisualStudioVersion = 10.0.40219.1
Project("{FAE04EC0-301F-11D3-BF4B-00C04F79EFBC}") = "DogGo", "DogGo\DogGo.csproj", "{0FDFBE8D-06C4-40E8-A8E8-9F0F5A11683B}"
EndProject
Global
	GlobalSection(SolutionConfigurationPlatforms) = preSolution
		Debug|Any CPU = Debug|Any CPU
		Release|Any CPU = Release|Any CPU
	EndGlobalSection
	GlobalSection(ProjectConfigurationPlatforms) = postSolution
		{0FDFBE8D-06C4-40E8-A8E8-9F0F5A11683B}.Debug|Any CPU.ActiveCfg = Debug|Any CPU
		{0FDFBE8D-06C4-40E8-A8E8-9F0F5A11683B}.Debug|Any CPU.Build.0 = Debug|Any CPU
		{0FDFBE8D-06C4-40E8-A8E8-9F0F5A11683B}.Release|Any CPU.ActiveCfg = Release|Any CPU
		{0FDFBE8D-06C4-40E8-A8E8-9F0F5A11683B}.Release|Any CPU.Build.0 = Release|Any CPU
	EndGlobalSection
	GlobalSection(SolutionProperties) = preSolution
		HideSolutionNode = FALSE
	EndGlobalSection
	GlobalSection(ExtensibilityGlobals) = postSolution
		SolutionGuid = {522A071F-635D-495B-A99D-D7484F2C3636}
	EndGlobalSection
EndGlobal
